
Microsoft Visual Studio Solution File, Format Version 12.00
# Visual Studio Version 17
VisualStudioVersion = 17.3.32922.545
MinimumVisualStudioVersion = 10.0.40219.1
Project("{FAE04EC0-301F-11D3-BF4B-00C04F79EFBC}") = "ForoPreguntas", "ForoPreguntas\ForoPreguntas.csproj", "{F9349C74-B739-4921-B344-129C84F5872A}"
EndProject
Global
	GlobalSection(SolutionConfigurationPlatforms) = preSolution
		Debug|Any CPU = Debug|Any CPU
		Release|Any CPU = Release|Any CPU
	EndGlobalSection
	GlobalSection(ProjectConfigurationPlatforms) = postSolution
		{F9349C74-B739-4921-B344-129C84F5872A}.Debug|Any CPU.ActiveCfg = Debug|Any CPU
		{F9349C74-B739-4921-B344-129C84F5872A}.Debug|Any CPU.Build.0 = Debug|Any CPU
		{F9349C74-B739-4921-B344-129C84F5872A}.Release|Any CPU.ActiveCfg = Release|Any CPU
		{F9349C74-B739-4921-B344-129C84F5872A}.Release|Any CPU.Build.0 = Release|Any CPU
	EndGlobalSection
	GlobalSection(SolutionProperties) = preSolution
		HideSolutionNode = FALSE
	EndGlobalSection
	GlobalSection(ExtensibilityGlobals) = postSolution
		SolutionGuid = {46A0A2E6-E7F2-42A2-AECA-A0BCB1B6CC68}
	EndGlobalSection
EndGlobal
